
Microsoft Visual Studio Solution File, Format Version 12.00
Project("{FAE04EC0-301F-11D3-BF4B-00C04F79EFBC}") = "News.Api", "News.Api\News.Api.csproj", "{D69F0261-8DD7-4616-A27F-F6AA0A784075}"
EndProject
Global
	GlobalSection(SolutionConfigurationPlatforms) = preSolution
		Debug|Any CPU = Debug|Any CPU
		Release|Any CPU = Release|Any CPU
	EndGlobalSection
	GlobalSection(ProjectConfigurationPlatforms) = postSolution
		{D69F0261-8DD7-4616-A27F-F6AA0A784075}.Debug|Any CPU.ActiveCfg = Debug|Any CPU
		{D69F0261-8DD7-4616-A27F-F6AA0A784075}.Debug|Any CPU.Build.0 = Debug|Any CPU
		{D69F0261-8DD7-4616-A27F-F6AA0A784075}.Release|Any CPU.ActiveCfg = Release|Any CPU
		{D69F0261-8DD7-4616-A27F-F6AA0A784075}.Release|Any CPU.Build.0 = Release|Any CPU
	EndGlobalSection
EndGlobal
